<?xml version="1.0" encoding="UTF-8"?>
<CONFIG>
  <ProjectOptions>
    <Version Value="10"/>
    <PathDelim Value="\"/>
    <General>
      <Flags>
        <MainUnitHasUsesSectionForAllUnits Value="False"/>
        <MainUnitHasCreateFormStatements Value="False"/>
        <MainUnitHasTitleStatement Value="False"/>
      </Flags>
      <SessionStorage Value="InProjectDir"/>
      <MainUnit Value="0"/>
      <Title Value="Propulse"/>
      <UseAppBundle Value="False"/>
      <ResourceType Value="res"/>
      <Icon Value="0"/>
    </General>
    <i18n>
      <EnableI18N LFM="False"/>
    </i18n>
    <VersionInfo>
      <StringTable ProductVersion=""/>
    </VersionInfo>
    <BuildModes Count="2">
      <Item1 Name="Debug" Default="True"/>
      <Item2 Name="Release">
        <CompilerOptions>
          <Version Value="11"/>
          <PathDelim Value="\"/>
          <Target>
            <Filename Value="..\Propulse"/>
          </Target>
          <SearchPaths>
            <IncludeFiles Value="$(ProjOutDir)"/>
            <Libraries Value=".."/>
            <OtherUnitFiles Value="protracker;cwe;cwe\widgets;screen;dialog;include;include\generics.collections\src;include\sdl2;include\bass"/>
            <UnitOutputDirectory Value="lib\$(TargetCPU)-$(TargetOS)"/>
          </SearchPaths>
          <Parsing>
            <Style Value="1"/>
            <SyntaxOptions>
              <SyntaxMode Value="Delphi"/>
            </SyntaxOptions>
          </Parsing>
          <CodeGeneration>
            <SmartLinkUnit Value="True"/>
            <Optimizations>
              <OptimizationLevel Value="3"/>
            </Optimizations>
          </CodeGeneration>
          <Linking>
            <Debugging>
              <GenerateDebugInfo Value="False"/>
              <StripSymbols Value="True"/>
            </Debugging>
            <LinkSmart Value="True"/>
            <Options>
              <PassLinkerOptions Value="True"/>
              <LinkerOptions Value="-rpath=."/>
            </Options>
          </Linking>
          <Other>
            <Verbosity>
              <ShowHintsForUnusedUnitsInMainSrc Value="True"/>
            </Verbosity>
            <WriteFPCLogo Value="False"/>
            <CompilerMessages>
              <IgnoredMessages idx5057="True" idx5024="True" idx4080="True" idx4079="True" idx4035="True"/>
            </CompilerMessages>
            <CustomOptions Value="-OoLOOPUNROLL
-OoFASTMATH
-OoREMOVEEMPTYPROCS
-OpPENTIUMM"/>
          </Other>
        </CompilerOptions>
      </Item2>
    </BuildModes>
    <PublishOptions>
      <Version Value="2"/>
    </PublishOptions>
    <RunParams>
      <local>
        <FormatVersion Value="1"/>
      </local>
    </RunParams>
    <RequiredPackages Count="1">
      <Item1>
        <PackageName Value="LazUtils"/>
      </Item1>
    </RequiredPackages>
    <Units Count="48">
      <Unit0>
        <Filename Value="propulse.pas"/>
        <IsPartOfProject Value="True"/>
        <UnitName Value="Propulse"/>
      </Unit0>
      <Unit1>
        <Filename Value="textmode.pas"/>
        <IsPartOfProject Value="True"/>
        <UnitName Value="TextMode"/>
      </Unit1>
      <Unit2>
        <Filename Value="cwe\cwe.core.pas"/>
        <IsPartOfProject Value="True"/>
        <UnitName Value="CWE.Core"/>
      </Unit2>
      <Unit3>
        <Filename Value="shortcutmanager.pas"/>
        <IsPartOfProject Value="True"/>
        <UnitName Value="ShortcutManager"/>
      </Unit3>
      <Unit4>
        <Filename Value="protracker\protracker.util.pas"/>
        <IsPartOfProject Value="True"/>
        <UnitName Value="ProTracker.Util"/>
      </Unit4>
      <Unit5>
        <Filename Value="configurationmanager.pas"/>
        <IsPartOfProject Value="True"/>
        <UnitName Value="ConfigurationManager"/>
      </Unit5>
      <Unit6>
        <Filename Value="protracker\protracker.player.pas"/>
        <IsPartOfProject Value="True"/>
        <UnitName Value="ProTracker.Player"/>
      </Unit6>
      <Unit7>
        <Filename Value="protracker\protracker.sample.pas"/>
        <IsPartOfProject Value="True"/>
        <UnitName Value="ProTracker.Sample"/>
      </Unit7>
      <Unit8>
        <Filename Value="protracker\protracker.editor.pas"/>
        <IsPartOfProject Value="True"/>
        <UnitName Value="ProTracker.Editor"/>
      </Unit8>
      <Unit9>
        <Filename Value="cwe\widgets\cwe.widgets.numeric.pas"/>
        <IsPartOfProject Value="True"/>
        <UnitName Value="CWE.Widgets.Numeric"/>
      </Unit9>
      <Unit10>
        <Filename Value="cwe\widgets\cwe.widgets.scrollers.pas"/>
        <IsPartOfProject Value="True"/>
        <UnitName Value="CWE.Widgets.Scrollers"/>
      </Unit10>
      <Unit11>
        <Filename Value="cwe\widgets\cwe.widgets.text.pas"/>
        <IsPartOfProject Value="True"/>
        <UnitName Value="CWE.Widgets.Text"/>
      </Unit11>
      <Unit12>
        <Filename Value="cwe\widgets\sampleview.pas"/>
        <IsPartOfProject Value="True"/>
        <UnitName Value="SampleView"/>
      </Unit12>
      <Unit13>
        <Filename Value="cwe\cwe.mousecursor.pas"/>
        <IsPartOfProject Value="True"/>
        <UnitName Value="CWE.MouseCursor"/>
      </Unit13>
      <Unit14>
        <Filename Value="screen\screen.config.pas"/>
        <IsPartOfProject Value="True"/>
        <UnitName Value="Screen.Config"/>
      </Unit14>
      <Unit15>
        <Filename Value="screen\screen.editor.pas"/>
        <IsPartOfProject Value="True"/>
        <UnitName Value="Screen.Editor"/>
      </Unit15>
      <Unit16>
        <Filename Value="screen\screen.filereq.pas"/>
        <IsPartOfProject Value="True"/>
        <UnitName Value="Screen.FileReq"/>
      </Unit16>
      <Unit17>
        <Filename Value="screen\screen.filereqsample.pas"/>
        <IsPartOfProject Value="True"/>
        <UnitName Value="Screen.FileReqSample"/>
      </Unit17>
      <Unit18>
        <Filename Value="screen\screen.help.pas"/>
        <IsPartOfProject Value="True"/>
        <UnitName Value="Screen.Help"/>
      </Unit18>
      <Unit19>
        <Filename Value="screen\screen.log.pas"/>
        <IsPartOfProject Value="True"/>
        <UnitName Value="Screen.Log"/>
      </Unit19>
      <Unit20>
        <Filename Value="screen\screen.samples.pas"/>
        <IsPartOfProject Value="True"/>
        <UnitName Value="Screen.Samples"/>
      </Unit20>
      <Unit21>
        <Filename Value="screen\screen.splash.pas"/>
        <IsPartOfProject Value="True"/>
        <UnitName Value="Screen.Splash"/>
      </Unit21>
      <Unit22>
        <Filename Value="layout.pas"/>
        <IsPartOfProject Value="True"/>
        <UnitName Value="Layout"/>
      </Unit22>
      <Unit23>
        <Filename Value="protracker\protracker.filters.pas"/>
        <IsPartOfProject Value="True"/>
        <UnitName Value="ProTracker.Filters"/>
      </Unit23>
      <Unit24>
        <Filename Value="protracker\protracker.format.it.pas"/>
        <IsPartOfProject Value="True"/>
        <UnitName Value="ProTracker.Format.IT"/>
      </Unit24>
      <Unit25>
        <Filename Value="protracker\protracker.format.p61.pas"/>
        <IsPartOfProject Value="True"/>
        <UnitName Value="ProTracker.Format.P61"/>
      </Unit25>
      <Unit26>
        <Filename Value="protracker\protracker.import.pas"/>
        <IsPartOfProject Value="True"/>
        <UnitName Value="ProTracker.Import"/>
      </Unit26>
      <Unit27>
        <Filename Value="protracker\protracker.paula.pas"/>
        <IsPartOfProject Value="True"/>
        <UnitName Value="ProTracker.Paula"/>
      </Unit27>
      <Unit28>
        <Filename Value="cwe\cwe.dialogs.pas"/>
        <IsPartOfProject Value="True"/>
        <UnitName Value="CWE.Dialogs"/>
      </Unit28>
      <Unit29>
        <Filename Value="dialog\dialog.cleanup.pas"/>
        <IsPartOfProject Value="True"/>
        <UnitName Value="Dialog.Cleanup"/>
      </Unit29>
      <Unit30>
        <Filename Value="dialog\dialog.generatewaveform.pas"/>
        <IsPartOfProject Value="True"/>
        <UnitName Value="Dialog.GenerateWaveform"/>
      </Unit30>
      <Unit31>
        <Filename Value="dialog\dialog.moduleinfo.pas"/>
        <IsPartOfProject Value="True"/>
        <UnitName Value="Dialog.ModuleInfo"/>
      </Unit31>
      <Unit32>
        <Filename Value="dialog\dialog.newmodule.pas"/>
        <IsPartOfProject Value="True"/>
        <UnitName Value="Dialog.NewModule"/>
      </Unit32>
      <Unit33>
        <Filename Value="dialog\dialog.renderaudio.pas"/>
        <IsPartOfProject Value="True"/>
        <UnitName Value="Dialog.RenderAudio"/>
      </Unit33>
      <Unit34>
        <Filename Value="dialog\dialog.valuequery.pas"/>
        <IsPartOfProject Value="True"/>
        <UnitName Value="Dialog.ValueQuery"/>
      </Unit34>
      <Unit35>
        <Filename Value="sampleeditor.pas"/>
        <IsPartOfProject Value="True"/>
        <UnitName Value="SampleEditor"/>
      </Unit35>
      <Unit36>
        <Filename Value="mainwindow.pas"/>
        <IsPartOfProject Value="True"/>
        <UnitName Value="MainWindow"/>
      </Unit36>
      <Unit37>
        <Filename Value="include\buildinfo.pas"/>
        <IsPartOfProject Value="True"/>
        <UnitName Value="BuildInfo"/>
      </Unit37>
      <Unit38>
        <Filename Value="include\fileutils.pas"/>
        <IsPartOfProject Value="True"/>
        <UnitName Value="FileUtils"/>
      </Unit38>
      <Unit39>
        <Filename Value="include\graphics32.pas"/>
        <IsPartOfProject Value="True"/>
        <UnitName Value="Graphics32"/>
      </Unit39>
      <Unit40>
        <Filename Value="include\graphics32_lowlevel.pas"/>
        <IsPartOfProject Value="True"/>
        <UnitName Value="Graphics32_LowLevel"/>
      </Unit40>
      <Unit41>
        <Filename Value="include\hkafileutils.pas"/>
        <IsPartOfProject Value="True"/>
        <UnitName Value="hkaFileUtils"/>
      </Unit41>
      <Unit42>
        <Filename Value="include\pcx.pas"/>
        <IsPartOfProject Value="True"/>
        <UnitName Value="PCX"/>
      </Unit42>
      <Unit43>
        <Filename Value="include\soxr.pas"/>
        <IsPartOfProject Value="True"/>
      </Unit43>
      <Unit44>
        <Filename Value="include\fpwavformat.pas"/>
        <IsPartOfProject Value="True"/>
      </Unit44>
      <Unit45>
        <Filename Value="include\fpwavreader.pas"/>
        <IsPartOfProject Value="True"/>
      </Unit45>
      <Unit46>
        <Filename Value="include\fpwavwriter.pas"/>
        <IsPartOfProject Value="True"/>
      </Unit46>
      <Unit47>
        <Filename Value="include\filestreamex.pas"/>
        <IsPartOfProject Value="True"/>
        <UnitName Value="FileStreamEx"/>
      </Unit47>
    </Units>
  </ProjectOptions>
  <CompilerOptions>
    <Version Value="11"/>
    <PathDelim Value="\"/>
    <Target>
      <Filename Value="..\Propulse"/>
    </Target>
    <SearchPaths>
      <IncludeFiles Value="$(ProjOutDir)"/>
      <Libraries Value=".."/>
      <OtherUnitFiles Value="protracker;cwe;cwe\widgets;screen;dialog;include;include\generics.collections\src;include\sdl2;include\bass"/>
      <UnitOutputDirectory Value="lib\$(TargetCPU)-$(TargetOS)"/>
    </SearchPaths>
    <Parsing>
      <Style Value="1"/>
      <SyntaxOptions>
        <SyntaxMode Value="Delphi"/>
        <IncludeAssertionCode Value="True"/>
      </SyntaxOptions>
    </Parsing>
    <CodeGeneration>
      <Checks>
        <IOChecks Value="True"/>
        <OverflowChecks Value="True"/>
        <StackChecks Value="True"/>
      </Checks>
    </CodeGeneration>
    <Linking>
      <Debugging>
        <DebugInfoType Value="dsDwarf2Set"/>
        <UseHeaptrc Value="True"/>
        <UseExternalDbgSyms Value="True"/>
      </Debugging>
      <Options>
        <PassLinkerOptions Value="True"/>
        <LinkerOptions Value="-rpath=."/>
      </Options>
    </Linking>
    <Other>
      <Verbosity>
        <ShowNotes Value="False"/>
        <ShowHints Value="False"/>
      </Verbosity>
      <WriteFPCLogo Value="False"/>
      <CompilerMessages>
        <IgnoredMessages idx3177="True"/>
      </CompilerMessages>
      <CustomOptions Value="-al
-gl"/>
    </Other>
  </CompilerOptions>
  <Debugging>
    <Exceptions Count="3" IgnoreAll="True">
      <Item1>
        <Name Value="EAbort"/>
      </Item1>
      <Item2>
        <Name Value="ECodetoolError"/>
      </Item2>
      <Item3>
        <Name Value="EFOpenError"/>
      </Item3>
    </Exceptions>
  </Debugging>
</CONFIG>
